
Microsoft Visual Studio Solution File, Format Version 12.00
# Visual Studio Version 17
VisualStudioVersion = 17.2.32630.192
MinimumVisualStudioVersion = 10.0.40219.1
Project("{9A19103F-16F7-4668-BE54-9A1E7A4F7556}") = "MTask.Extensions.Core", "extensions\MTask.Extensions.Core\MTask.Extensions.Core.csproj", "{4D6D3F61-1F4C-4BC9-8574-4CB5B69D2E93}"
EndProject
Project("{9A19103F-16F7-4668-BE54-9A1E7A4F7556}") = "MTask.Extensions.HotChocolate", "extensions\MTask.Extensions.HotChocolate\MTask.Extensions.HotChocolate.csproj", "{37AA58AA-9EFF-4C52-81B6-7A6F722ED87D}"
EndProject
Global
	GlobalSection(SolutionConfigurationPlatforms) = preSolution
		Debug|Any CPU = Debug|Any CPU
		Release|Any CPU = Release|Any CPU
	EndGlobalSection
	GlobalSection(ProjectConfigurationPlatforms) = postSolution
		{4D6D3F61-1F4C-4BC9-8574-4CB5B69D2E93}.Debug|Any CPU.ActiveCfg = Debug|Any CPU
		{4D6D3F61-1F4C-4BC9-8574-4CB5B69D2E93}.Debug|Any CPU.Build.0 = Debug|Any CPU
		{4D6D3F61-1F4C-4BC9-8574-4CB5B69D2E93}.Release|Any CPU.ActiveCfg = Release|Any CPU
		{4D6D3F61-1F4C-4BC9-8574-4CB5B69D2E93}.Release|Any CPU.Build.0 = Release|Any CPU
		{37AA58AA-9EFF-4C52-81B6-7A6F722ED87D}.Debug|Any CPU.ActiveCfg = Debug|Any CPU
		{37AA58AA-9EFF-4C52-81B6-7A6F722ED87D}.Debug|Any CPU.Build.0 = Debug|Any CPU
		{37AA58AA-9EFF-4C52-81B6-7A6F722ED87D}.Release|Any CPU.ActiveCfg = Release|Any CPU
		{37AA58AA-9EFF-4C52-81B6-7A6F722ED87D}.Release|Any CPU.Build.0 = Release|Any CPU
	EndGlobalSection
	GlobalSection(SolutionProperties) = preSolution
		HideSolutionNode = FALSE
	EndGlobalSection
	GlobalSection(ExtensibilityGlobals) = postSolution
		SolutionGuid = {D0CF9AAA-245B-4362-B895-CE9109CCC335}
	EndGlobalSection
EndGlobal
